
Microsoft Visual Studio Solution File, Format Version 12.00
# Visual Studio Version 17
VisualStudioVersion = 17.14.36202.13
MinimumVisualStudioVersion = 10.0.40219.1
Project("{FAE04EC0-301F-11D3-BF4B-00C04F79EFBC}") = "SimpleWebApi", "SimpleWebApi\SimpleWebApi.csproj", "{2D6B0815-AF73-417B-B000-5661FE519616}"
EndProject
Project("{2150E333-8FDC-42A3-9474-1A3956D46DE8}") = "Solution Items", "Solution Items", "{089100B1-113F-4E66-888A-E83F3999EAFD}"
	ProjectSection(SolutionItems) = preProject
		docker-compose.yaml = docker-compose.yaml
		.github\workflows\simple-api-workflow.yml = .github\workflows\simple-api-workflow.yml
	EndProjectSection
EndProject
Global
	GlobalSection(SolutionConfigurationPlatforms) = preSolution
		Debug|Any CPU = Debug|Any CPU
		Release|Any CPU = Release|Any CPU
	EndGlobalSection
	GlobalSection(ProjectConfigurationPlatforms) = postSolution
		{2D6B0815-AF73-417B-B000-5661FE519616}.Debug|Any CPU.ActiveCfg = Debug|Any CPU
		{2D6B0815-AF73-417B-B000-5661FE519616}.Debug|Any CPU.Build.0 = Debug|Any CPU
		{2D6B0815-AF73-417B-B000-5661FE519616}.Release|Any CPU.ActiveCfg = Release|Any CPU
		{2D6B0815-AF73-417B-B000-5661FE519616}.Release|Any CPU.Build.0 = Release|Any CPU
	EndGlobalSection
	GlobalSection(SolutionProperties) = preSolution
		HideSolutionNode = FALSE
	EndGlobalSection
	GlobalSection(ExtensibilityGlobals) = postSolution
		SolutionGuid = {32C56711-F3E9-4480-94F4-49F54F0E957A}
	EndGlobalSection
EndGlobal
